
Microsoft Visual Studio Solution File, Format Version 12.00
# Visual Studio 15
VisualStudioVersion = 15.0.27130.2010
MinimumVisualStudioVersion = 10.0.40219.1
Project("{FAE04EC0-301F-11D3-BF4B-00C04F79EFBC}") = "ChessProjectOOP", "ChessProjectOOP\ChessProjectOOP.csproj", "{4C5C41B9-2CEC-49AE-AFA2-C365C89A31FC}"
EndProject
Project("{FAE04EC0-301F-11D3-BF4B-00C04F79EFBC}") = "Utilities", "..\Libraries\Utilities\Utilities.csproj", "{FF874E8E-D180-4B27-8607-3D90D391C997}"
EndProject
Global
	GlobalSection(SolutionConfigurationPlatforms) = preSolution
		Debug|Any CPU = Debug|Any CPU
		Release|Any CPU = Release|Any CPU
	EndGlobalSection
	GlobalSection(ProjectConfigurationPlatforms) = postSolution
		{4C5C41B9-2CEC-49AE-AFA2-C365C89A31FC}.Debug|Any CPU.ActiveCfg = Debug|Any CPU
		{4C5C41B9-2CEC-49AE-AFA2-C365C89A31FC}.Debug|Any CPU.Build.0 = Debug|Any CPU
		{4C5C41B9-2CEC-49AE-AFA2-C365C89A31FC}.Release|Any CPU.ActiveCfg = Release|Any CPU
		{4C5C41B9-2CEC-49AE-AFA2-C365C89A31FC}.Release|Any CPU.Build.0 = Release|Any CPU
		{FF874E8E-D180-4B27-8607-3D90D391C997}.Debug|Any CPU.ActiveCfg = Debug|Any CPU
		{FF874E8E-D180-4B27-8607-3D90D391C997}.Debug|Any CPU.Build.0 = Debug|Any CPU
		{FF874E8E-D180-4B27-8607-3D90D391C997}.Release|Any CPU.ActiveCfg = Release|Any CPU
		{FF874E8E-D180-4B27-8607-3D90D391C997}.Release|Any CPU.Build.0 = Release|Any CPU
	EndGlobalSection
	GlobalSection(SolutionProperties) = preSolution
		HideSolutionNode = FALSE
	EndGlobalSection
	GlobalSection(ExtensibilityGlobals) = postSolution
		SolutionGuid = {EA2E4537-235F-46D9-B139-1D71D66D801C}
	EndGlobalSection
EndGlobal
